// !$*UTF8*$!
{
	archiveVersion = 1;
	classes = {
	};
	objectVersion = 52;
	objects = {

/* Begin PBXBuildFile section */
		9FBF9120AF4D567A47C966E2 /* Pods_SwiftyPick.framework in Frameworks */ = {isa = PBXBuildFile; fileRef = 52C7A38344DB8F31337A7858 /* Pods_SwiftyPick.framework */; };
		A03CAF4A26D9267E008FA41A /* ColorPalettesView.swift in Sources */ = {isa = PBXBuildFile; fileRef = A03CAF4926D9267E008FA41A /* ColorPalettesView.swift */; };
		A03CAF4C26D927A6008FA41A /* ColorRepresentationView.swift in Sources */ = {isa = PBXBuildFile; fileRef = A03CAF4B26D927A6008FA41A /* ColorRepresentationView.swift */; };
		A03CAF5026D92C75008FA41A /* UIColor+Palette.swift in Sources */ = {isa = PBXBuildFile; fileRef = A03CAF4F26D92C75008FA41A /* UIColor+Palette.swift */; };
		A03CAF5326D9477D008FA41A /* Constants.swift in Sources */ = {isa = PBXBuildFile; fileRef = A03CAF5226D9477D008FA41A /* Constants.swift */; };
		A03CAF5526D9478E008FA41A /* Spacing.swift in Sources */ = {isa = PBXBuildFile; fileRef = A03CAF5426D9478E008FA41A /* Spacing.swift */; };
		A03CAF5926D95634008FA41A /* SpacingTests.swift in Sources */ = {isa = PBXBuildFile; fileRef = A03CAF5826D95634008FA41A /* SpacingTests.swift */; };
		A03CAF5C26D958CD008FA41A /* UIColor+Name.swift in Sources */ = {isa = PBXBuildFile; fileRef = A03CAF5B26D958CD008FA41A /* UIColor+Name.swift */; };
		A03CAF5E26D958E5008FA41A /* UIColor+Hex.swift in Sources */ = {isa = PBXBuildFile; fileRef = A03CAF5D26D958E5008FA41A /* UIColor+Hex.swift */; };
		A044B10026D67D350051EDEA /* GithubTemplates.md in Resources */ = {isa = PBXBuildFile; fileRef = A044B0FF26D67D340051EDEA /* GithubTemplates.md */; };
		A044B10226D67D470051EDEA /* README.md in Resources */ = {isa = PBXBuildFile; fileRef = A044B10126D67D470051EDEA /* README.md */; };
		A044B10526D6868C0051EDEA /* SwiftLint.md in Resources */ = {isa = PBXBuildFile; fileRef = A044B10426D6868C0051EDEA /* SwiftLint.md */; };
		A044B10926D69DFE0051EDEA /* DangerEmptyFile.swift in Sources */ = {isa = PBXBuildFile; fileRef = A044B10826D69DFE0051EDEA /* DangerEmptyFile.swift */; };
		A06890CA26D5D7A700D1BC36 /* AppDelegate.swift in Sources */ = {isa = PBXBuildFile; fileRef = A06890C926D5D7A700D1BC36 /* AppDelegate.swift */; };
		A06890CE26D5D7A700D1BC36 /* ViewController.swift in Sources */ = {isa = PBXBuildFile; fileRef = A06890CD26D5D7A700D1BC36 /* ViewController.swift */; };
		A06890D326D5D7A900D1BC36 /* Image.xcassets in Resources */ = {isa = PBXBuildFile; fileRef = A06890D226D5D7A900D1BC36 /* Image.xcassets */; };
		A06890D626D5D7A900D1BC36 /* LaunchScreen.storyboard in Resources */ = {isa = PBXBuildFile; fileRef = A06890D426D5D7A900D1BC36 /* LaunchScreen.storyboard */; };
		A06890EC26D5D7A900D1BC36 /* SwiftyPickUITests.swift in Sources */ = {isa = PBXBuildFile; fileRef = A06890EB26D5D7A900D1BC36 /* SwiftyPickUITests.swift */; };
		A07265B026D7C8C80052DE86 /* Base.strings in Resources */ = {isa = PBXBuildFile; fileRef = A07265B226D7C8C80052DE86 /* Base.strings */; };
		A07265BB26D7CADC0052DE86 /* Color.xcassets in Resources */ = {isa = PBXBuildFile; fileRef = A07265BA26D7CADC0052DE86 /* Color.xcassets */; };
		A074DEC826D7CF88008D4A17 /* Strings+Generated.swift in Sources */ = {isa = PBXBuildFile; fileRef = A074DEC626D7CF88008D4A17 /* Strings+Generated.swift */; };
		A074DEC926D7CF88008D4A17 /* Assets+Generated.swift in Sources */ = {isa = PBXBuildFile; fileRef = A074DEC726D7CF88008D4A17 /* Assets+Generated.swift */; };
		A074DECC26D7D495008D4A17 /* ImageTests.swift in Sources */ = {isa = PBXBuildFile; fileRef = A074DECB26D7D495008D4A17 /* ImageTests.swift */; };
		A074DECE26D7D713008D4A17 /* ColorTests.swift in Sources */ = {isa = PBXBuildFile; fileRef = A074DECD26D7D713008D4A17 /* ColorTests.swift */; };
		A074DED426D7DA3D008D4A17 /* LocalizableTests.swift in Sources */ = {isa = PBXBuildFile; fileRef = A074DED326D7DA3D008D4A17 /* LocalizableTests.swift */; };
		A074DED726D7DBA0008D4A17 /* XCTestCase+Region.swift in Sources */ = {isa = PBXBuildFile; fileRef = A074DED626D7DBA0008D4A17 /* XCTestCase+Region.swift */; };
		A0E0115326D9F07F00505456 /* ColorRepresentationViewTests.swift in Sources */ = {isa = PBXBuildFile; fileRef = A0E0115226D9F07F00505456 /* ColorRepresentationViewTests.swift */; };
		A0E0115726D9F39100505456 /* ColorPalettesViewTests.swift in Sources */ = {isa = PBXBuildFile; fileRef = A0E0115626D9F39100505456 /* ColorPalettesViewTests.swift */; };
		A0ED2FA726DEB8B5008AB6C6 /* UIView+AddSubview.swift in Sources */ = {isa = PBXBuildFile; fileRef = A0ED2FA626DEB8B5008AB6C6 /* UIView+AddSubview.swift */; };
		A0ED2FA926DEC279008AB6C6 /* UIView+Pin.swift in Sources */ = {isa = PBXBuildFile; fileRef = A0ED2FA826DEC279008AB6C6 /* UIView+Pin.swift */; };
		C0E65AAABCE72AA6334C71F1 /* Pods_SwiftyPickUITests.framework in Frameworks */ = {isa = PBXBuildFile; fileRef = 53FF409D3A2FF26F37E442BC /* Pods_SwiftyPickUITests.framework */; };
		DA43DD1CCC32E8A44FBC9AC7 /* Pods_SwiftyPickTests.framework in Frameworks */ = {isa = PBXBuildFile; fileRef = 00DB34231AEDAE8F37BA1FF7 /* Pods_SwiftyPickTests.framework */; };
/* End PBXBuildFile section */

/* Begin PBXContainerItemProxy section */
		A06890DD26D5D7A900D1BC36 /* PBXContainerItemProxy */ = {
			isa = PBXContainerItemProxy;
			containerPortal = A06890BE26D5D7A700D1BC36 /* Project object */;
			proxyType = 1;
			remoteGlobalIDString = A06890C526D5D7A700D1BC36;
			remoteInfo = SwiftyPick;
		};
		A06890E826D5D7A900D1BC36 /* PBXContainerItemProxy */ = {
			isa = PBXContainerItemProxy;
			containerPortal = A06890BE26D5D7A700D1BC36 /* Project object */;
			proxyType = 1;
			remoteGlobalIDString = A06890C526D5D7A700D1BC36;
			remoteInfo = SwiftyPick;
		};
/* End PBXContainerItemProxy section */

/* Begin PBXFileReference section */
		00DB34231AEDAE8F37BA1FF7 /* Pods_SwiftyPickTests.framework */ = {isa = PBXFileReference; explicitFileType = wrapper.framework; includeInIndex = 0; path = Pods_SwiftyPickTests.framework; sourceTree = BUILT_PRODUCTS_DIR; };
		12826750BDCA3F792F8C38CD /* Pods-SwiftyPick.release.xcconfig */ = {isa = PBXFileReference; includeInIndex = 1; lastKnownFileType = text.xcconfig; name = "Pods-SwiftyPick.release.xcconfig"; path = "Target Support Files/Pods-SwiftyPick/Pods-SwiftyPick.release.xcconfig"; sourceTree = "<group>"; };
		1AE8EAD7A97F6385CC866F06 /* Pods-SwiftyPickUITests.debug.xcconfig */ = {isa = PBXFileReference; includeInIndex = 1; lastKnownFileType = text.xcconfig; name = "Pods-SwiftyPickUITests.debug.xcconfig"; path = "Target Support Files/Pods-SwiftyPickUITests/Pods-SwiftyPickUITests.debug.xcconfig"; sourceTree = "<group>"; };
		29D2ADB63E76226F4AAEBEEA /* Pods-SwiftyPick.debug.xcconfig */ = {isa = PBXFileReference; includeInIndex = 1; lastKnownFileType = text.xcconfig; name = "Pods-SwiftyPick.debug.xcconfig"; path = "Target Support Files/Pods-SwiftyPick/Pods-SwiftyPick.debug.xcconfig"; sourceTree = "<group>"; };
		52C7A38344DB8F31337A7858 /* Pods_SwiftyPick.framework */ = {isa = PBXFileReference; explicitFileType = wrapper.framework; includeInIndex = 0; path = Pods_SwiftyPick.framework; sourceTree = BUILT_PRODUCTS_DIR; };
		53FF409D3A2FF26F37E442BC /* Pods_SwiftyPickUITests.framework */ = {isa = PBXFileReference; explicitFileType = wrapper.framework; includeInIndex = 0; path = Pods_SwiftyPickUITests.framework; sourceTree = BUILT_PRODUCTS_DIR; };
		7A4FBB82C0EB35893BA03AC6 /* Pods-SwiftyPickUITests.release.xcconfig */ = {isa = PBXFileReference; includeInIndex = 1; lastKnownFileType = text.xcconfig; name = "Pods-SwiftyPickUITests.release.xcconfig"; path = "Target Support Files/Pods-SwiftyPickUITests/Pods-SwiftyPickUITests.release.xcconfig"; sourceTree = "<group>"; };
		A03CAF4926D9267E008FA41A /* ColorPalettesView.swift */ = {isa = PBXFileReference; lastKnownFileType = sourcecode.swift; path = ColorPalettesView.swift; sourceTree = "<group>"; };
		A03CAF4B26D927A6008FA41A /* ColorRepresentationView.swift */ = {isa = PBXFileReference; lastKnownFileType = sourcecode.swift; path = ColorRepresentationView.swift; sourceTree = "<group>"; };
		A03CAF4F26D92C75008FA41A /* UIColor+Palette.swift */ = {isa = PBXFileReference; lastKnownFileType = sourcecode.swift; path = "UIColor+Palette.swift"; sourceTree = "<group>"; };
		A03CAF5226D9477D008FA41A /* Constants.swift */ = {isa = PBXFileReference; lastKnownFileType = sourcecode.swift; path = Constants.swift; sourceTree = "<group>"; };
		A03CAF5426D9478E008FA41A /* Spacing.swift */ = {isa = PBXFileReference; lastKnownFileType = sourcecode.swift; path = Spacing.swift; sourceTree = "<group>"; };
		A03CAF5826D95634008FA41A /* SpacingTests.swift */ = {isa = PBXFileReference; lastKnownFileType = sourcecode.swift; path = SpacingTests.swift; sourceTree = "<group>"; };
		A03CAF5A26D9580A008FA41A /* ColorPalette.md */ = {isa = PBXFileReference; lastKnownFileType = net.daringfireball.markdown; path = ColorPalette.md; sourceTree = "<group>"; };
		A03CAF5B26D958CD008FA41A /* UIColor+Name.swift */ = {isa = PBXFileReference; lastKnownFileType = sourcecode.swift; path = "UIColor+Name.swift"; sourceTree = "<group>"; };
		A03CAF5D26D958E5008FA41A /* UIColor+Hex.swift */ = {isa = PBXFileReference; lastKnownFileType = sourcecode.swift; path = "UIColor+Hex.swift"; sourceTree = "<group>"; };
		A044B0FF26D67D340051EDEA /* GithubTemplates.md */ = {isa = PBXFileReference; fileEncoding = 4; lastKnownFileType = net.daringfireball.markdown; path = GithubTemplates.md; sourceTree = "<group>"; };
		A044B10126D67D470051EDEA /* README.md */ = {isa = PBXFileReference; fileEncoding = 4; lastKnownFileType = net.daringfireball.markdown; path = README.md; sourceTree = "<group>"; };
		A044B10426D6868C0051EDEA /* SwiftLint.md */ = {isa = PBXFileReference; fileEncoding = 4; lastKnownFileType = net.daringfireball.markdown; path = SwiftLint.md; sourceTree = "<group>"; };
		A044B10826D69DFE0051EDEA /* DangerEmptyFile.swift */ = {isa = PBXFileReference; lastKnownFileType = sourcecode.swift; path = DangerEmptyFile.swift; sourceTree = "<group>"; };
		A05FB85926DA7A72009C6A7E /* UnitTestsPlan.xctestplan */ = {isa = PBXFileReference; lastKnownFileType = text; path = UnitTestsPlan.xctestplan; sourceTree = "<group>"; };
		A05FB85B26DA7BFA009C6A7E /* TestPlans.md */ = {isa = PBXFileReference; lastKnownFileType = net.daringfireball.markdown; path = TestPlans.md; sourceTree = "<group>"; };
		A064F88B26D8188A009335E9 /* Fastlane.md */ = {isa = PBXFileReference; lastKnownFileType = net.daringfireball.markdown; path = Fastlane.md; sourceTree = "<group>"; };
		A06890C626D5D7A700D1BC36 /* SwiftyPick.app */ = {isa = PBXFileReference; explicitFileType = wrapper.application; includeInIndex = 0; path = SwiftyPick.app; sourceTree = BUILT_PRODUCTS_DIR; };
		A06890C926D5D7A700D1BC36 /* AppDelegate.swift */ = {isa = PBXFileReference; lastKnownFileType = sourcecode.swift; path = AppDelegate.swift; sourceTree = "<group>"; };
		A06890CD26D5D7A700D1BC36 /* ViewController.swift */ = {isa = PBXFileReference; lastKnownFileType = sourcecode.swift; path = ViewController.swift; sourceTree = "<group>"; };
		A06890D226D5D7A900D1BC36 /* Image.xcassets */ = {isa = PBXFileReference; lastKnownFileType = folder.assetcatalog; path = Image.xcassets; sourceTree = "<group>"; };
		A06890D526D5D7A900D1BC36 /* Base */ = {isa = PBXFileReference; lastKnownFileType = file.storyboard; name = Base; path = Base.lproj/LaunchScreen.storyboard; sourceTree = "<group>"; };
		A06890D726D5D7A900D1BC36 /* Info.plist */ = {isa = PBXFileReference; lastKnownFileType = text.plist.xml; path = Info.plist; sourceTree = "<group>"; };
		A06890DC26D5D7A900D1BC36 /* SwiftyPickTests.xctest */ = {isa = PBXFileReference; explicitFileType = wrapper.cfbundle; includeInIndex = 0; path = SwiftyPickTests.xctest; sourceTree = BUILT_PRODUCTS_DIR; };
		A06890E226D5D7A900D1BC36 /* Info.plist */ = {isa = PBXFileReference; lastKnownFileType = text.plist.xml; path = Info.plist; sourceTree = "<group>"; };
		A06890E726D5D7A900D1BC36 /* SwiftyPickUITests.xctest */ = {isa = PBXFileReference; explicitFileType = wrapper.cfbundle; includeInIndex = 0; path = SwiftyPickUITests.xctest; sourceTree = BUILT_PRODUCTS_DIR; };
		A06890EB26D5D7A900D1BC36 /* SwiftyPickUITests.swift */ = {isa = PBXFileReference; lastKnownFileType = sourcecode.swift; path = SwiftyPickUITests.swift; sourceTree = "<group>"; };
		A06890ED26D5D7A900D1BC36 /* Info.plist */ = {isa = PBXFileReference; lastKnownFileType = text.plist.xml; path = Info.plist; sourceTree = "<group>"; };
		A07265B126D7C8C80052DE86 /* en */ = {isa = PBXFileReference; lastKnownFileType = text.plist.strings; name = en; path = en.lproj/Base.strings; sourceTree = "<group>"; };
		A07265BA26D7CADC0052DE86 /* Color.xcassets */ = {isa = PBXFileReference; lastKnownFileType = folder.assetcatalog; path = Color.xcassets; sourceTree = "<group>"; };
		A074DEC626D7CF88008D4A17 /* Strings+Generated.swift */ = {isa = PBXFileReference; fileEncoding = 4; lastKnownFileType = sourcecode.swift; path = "Strings+Generated.swift"; sourceTree = "<group>"; };
		A074DEC726D7CF88008D4A17 /* Assets+Generated.swift */ = {isa = PBXFileReference; fileEncoding = 4; lastKnownFileType = sourcecode.swift; path = "Assets+Generated.swift"; sourceTree = "<group>"; };
		A074DECB26D7D495008D4A17 /* ImageTests.swift */ = {isa = PBXFileReference; lastKnownFileType = sourcecode.swift; path = ImageTests.swift; sourceTree = "<group>"; };
		A074DECD26D7D713008D4A17 /* ColorTests.swift */ = {isa = PBXFileReference; lastKnownFileType = sourcecode.swift; path = ColorTests.swift; sourceTree = "<group>"; };
		A074DECF26D7D7D5008D4A17 /* es */ = {isa = PBXFileReference; lastKnownFileType = text.plist.strings; name = es; path = es.lproj/LaunchScreen.strings; sourceTree = "<group>"; };
		A074DED026D7D7D5008D4A17 /* es */ = {isa = PBXFileReference; lastKnownFileType = text.plist.strings; name = es; path = es.lproj/Base.strings; sourceTree = "<group>"; };
		A074DED126D7D926008D4A17 /* RegionalTestsPlan.xctestplan */ = {isa = PBXFileReference; lastKnownFileType = text; name = RegionalTestsPlan.xctestplan; path = SwiftyPickTests/RegionalTestsPlan.xctestplan; sourceTree = SOURCE_ROOT; };
		A074DED226D7D9B1008D4A17 /* UITestsPlan.xctestplan */ = {isa = PBXFileReference; lastKnownFileType = text; path = UITestsPlan.xctestplan; sourceTree = "<group>"; };
		A074DED326D7DA3D008D4A17 /* LocalizableTests.swift */ = {isa = PBXFileReference; lastKnownFileType = sourcecode.swift; path = LocalizableTests.swift; sourceTree = "<group>"; };
		A074DED626D7DBA0008D4A17 /* XCTestCase+Region.swift */ = {isa = PBXFileReference; lastKnownFileType = sourcecode.swift; path = "XCTestCase+Region.swift"; sourceTree = "<group>"; };
		A0D951F326D7DFCE00C7F61B /* SwiftGen.md */ = {isa = PBXFileReference; lastKnownFileType = net.daringfireball.markdown; path = SwiftGen.md; sourceTree = "<group>"; };
		A0E0115226D9F07F00505456 /* ColorRepresentationViewTests.swift */ = {isa = PBXFileReference; lastKnownFileType = sourcecode.swift; path = ColorRepresentationViewTests.swift; sourceTree = "<group>"; };
		A0E0115626D9F39100505456 /* ColorPalettesViewTests.swift */ = {isa = PBXFileReference; lastKnownFileType = sourcecode.swift; path = ColorPalettesViewTests.swift; sourceTree = "<group>"; };
		A0ED2FA626DEB8B5008AB6C6 /* UIView+AddSubview.swift */ = {isa = PBXFileReference; lastKnownFileType = sourcecode.swift; path = "UIView+AddSubview.swift"; sourceTree = "<group>"; };
		A0ED2FA826DEC279008AB6C6 /* UIView+Pin.swift */ = {isa = PBXFileReference; lastKnownFileType = sourcecode.swift; path = "UIView+Pin.swift"; sourceTree = "<group>"; };
		A0FAAEAF26D6C86A00B4F1A4 /* GithubActions.md */ = {isa = PBXFileReference; lastKnownFileType = net.daringfireball.markdown; path = GithubActions.md; sourceTree = "<group>"; };
		A0FAAEB026D6C87A00B4F1A4 /* Danger.md */ = {isa = PBXFileReference; lastKnownFileType = net.daringfireball.markdown; path = Danger.md; sourceTree = "<group>"; };
		A0FAAEB426D6D89C00B4F1A4 /* SortProject.md */ = {isa = PBXFileReference; lastKnownFileType = net.daringfireball.markdown; path = SortProject.md; sourceTree = "<group>"; };
		AB469C6D35849FF1108D9258 /* Pods-SwiftyPickTests.debug.xcconfig */ = {isa = PBXFileReference; includeInIndex = 1; lastKnownFileType = text.xcconfig; name = "Pods-SwiftyPickTests.debug.xcconfig"; path = "Target Support Files/Pods-SwiftyPickTests/Pods-SwiftyPickTests.debug.xcconfig"; sourceTree = "<group>"; };
		D0143C8A65D78659490070EF /* Pods-SwiftyPickTests.release.xcconfig */ = {isa = PBXFileReference; includeInIndex = 1; lastKnownFileType = text.xcconfig; name = "Pods-SwiftyPickTests.release.xcconfig"; path = "Target Support Files/Pods-SwiftyPickTests/Pods-SwiftyPickTests.release.xcconfig"; sourceTree = "<group>"; };
/* End PBXFileReference section */

/* Begin PBXFrameworksBuildPhase section */
		A06890C326D5D7A700D1BC36 /* Frameworks */ = {
			isa = PBXFrameworksBuildPhase;
			buildActionMask = 2147483647;
			files = (
				9FBF9120AF4D567A47C966E2 /* Pods_SwiftyPick.framework in Frameworks */,
			);
			runOnlyForDeploymentPostprocessing = 0;
		};
		A06890D926D5D7A900D1BC36 /* Frameworks */ = {
			isa = PBXFrameworksBuildPhase;
			buildActionMask = 2147483647;
			files = (
				DA43DD1CCC32E8A44FBC9AC7 /* Pods_SwiftyPickTests.framework in Frameworks */,
			);
			runOnlyForDeploymentPostprocessing = 0;
		};
		A06890E426D5D7A900D1BC36 /* Frameworks */ = {
			isa = PBXFrameworksBuildPhase;
			buildActionMask = 2147483647;
			files = (
				C0E65AAABCE72AA6334C71F1 /* Pods_SwiftyPickUITests.framework in Frameworks */,
			);
			runOnlyForDeploymentPostprocessing = 0;
		};
/* End PBXFrameworksBuildPhase section */

/* Begin PBXGroup section */
		851D639F1D1A0A48E586C4D9 /* Pods */ = {
			isa = PBXGroup;
			children = (
				29D2ADB63E76226F4AAEBEEA /* Pods-SwiftyPick.debug.xcconfig */,
				12826750BDCA3F792F8C38CD /* Pods-SwiftyPick.release.xcconfig */,
				AB469C6D35849FF1108D9258 /* Pods-SwiftyPickTests.debug.xcconfig */,
				D0143C8A65D78659490070EF /* Pods-SwiftyPickTests.release.xcconfig */,
				1AE8EAD7A97F6385CC866F06 /* Pods-SwiftyPickUITests.debug.xcconfig */,
				7A4FBB82C0EB35893BA03AC6 /* Pods-SwiftyPickUITests.release.xcconfig */,
			);
			path = Pods;
			sourceTree = "<group>";
		};
		A03CAF4726D92655008FA41A /* Presentation */ = {
			isa = PBXGroup;
			children = (
				A03CAF5126D94765008FA41A /* Common */,
				A03CAF4E26D92C61008FA41A /* Component */,
				A03CAF4D26D92C59008FA41A /* Extension */,
				A03CAF6E26D9AEB3008FA41A /* Screen */,
				A06890C926D5D7A700D1BC36 /* AppDelegate.swift */,
			);
			path = Presentation;
			sourceTree = "<group>";
		};
		A03CAF4826D92661008FA41A /* ColorPalettes */ = {
			isa = PBXGroup;
			children = (
				A03CAF4926D9267E008FA41A /* ColorPalettesView.swift */,
				A03CAF4B26D927A6008FA41A /* ColorRepresentationView.swift */,
			);
			path = ColorPalettes;
			sourceTree = "<group>";
		};
		A03CAF4D26D92C59008FA41A /* Extension */ = {
			isa = PBXGroup;
			children = (
				A03CAF5D26D958E5008FA41A /* UIColor+Hex.swift */,
				A03CAF5B26D958CD008FA41A /* UIColor+Name.swift */,
				A03CAF4F26D92C75008FA41A /* UIColor+Palette.swift */,
				A0ED2FA626DEB8B5008AB6C6 /* UIView+AddSubview.swift */,
				A0ED2FA826DEC279008AB6C6 /* UIView+Pin.swift */,
			);
			path = Extension;
			sourceTree = "<group>";
		};
		A03CAF4E26D92C61008FA41A /* Component */ = {
			isa = PBXGroup;
			children = (
				A03CAF4826D92661008FA41A /* ColorPalettes */,
			);
			path = Component;
			sourceTree = "<group>";
		};
		A03CAF5126D94765008FA41A /* Common */ = {
			isa = PBXGroup;
			children = (
				A03CAF5226D9477D008FA41A /* Constants.swift */,
				A03CAF5426D9478E008FA41A /* Spacing.swift */,
			);
			path = Common;
			sourceTree = "<group>";
		};
		A03CAF5626D9561B008FA41A /* Presentation */ = {
			isa = PBXGroup;
			children = (
				A03CAF5726D95624008FA41A /* Common */,
				A0E0115426D9F35800505456 /* Component */,
			);
			path = Presentation;
			sourceTree = "<group>";
		};
		A03CAF5726D95624008FA41A /* Common */ = {
			isa = PBXGroup;
			children = (
				A03CAF5826D95634008FA41A /* SpacingTests.swift */,
			);
			path = Common;
			sourceTree = "<group>";
		};
		A03CAF6E26D9AEB3008FA41A /* Screen */ = {
			isa = PBXGroup;
			children = (
				A06890D426D5D7A900D1BC36 /* LaunchScreen.storyboard */,
				A06890CD26D5D7A700D1BC36 /* ViewController.swift */,
			);
			path = Screen;
			sourceTree = "<group>";
		};
		A044B0FE26D67D340051EDEA /* Documentation */ = {
			isa = PBXGroup;
			children = (
				A03CAF5A26D9580A008FA41A /* ColorPalette.md */,
				A0FAAEB026D6C87A00B4F1A4 /* Danger.md */,
				A064F88B26D8188A009335E9 /* Fastlane.md */,
				A0FAAEAF26D6C86A00B4F1A4 /* GithubActions.md */,
				A044B0FF26D67D340051EDEA /* GithubTemplates.md */,
				A0FAAEB426D6D89C00B4F1A4 /* SortProject.md */,
				A0D951F326D7DFCE00C7F61B /* SwiftGen.md */,
				A044B10426D6868C0051EDEA /* SwiftLint.md */,
				A05FB85B26DA7BFA009C6A7E /* TestPlans.md */,
			);
			path = Documentation;
			sourceTree = "<group>";
		};
		A06890BD26D5D7A700D1BC36 = {
			isa = PBXGroup;
			children = (
				A044B10126D67D470051EDEA /* README.md */,
				A044B0FE26D67D340051EDEA /* Documentation */,
				A06890C826D5D7A700D1BC36 /* SwiftyPick */,
				A06890DF26D5D7A900D1BC36 /* SwiftyPickTests */,
				A06890EA26D5D7A900D1BC36 /* SwiftyPickUITests */,
				A06890C726D5D7A700D1BC36 /* Products */,
				851D639F1D1A0A48E586C4D9 /* Pods */,
				E2AF1C69A2EA055E8BF6374D /* Frameworks */,
			);
			sourceTree = "<group>";
		};
		A06890C726D5D7A700D1BC36 /* Products */ = {
			isa = PBXGroup;
			children = (
				A06890C626D5D7A700D1BC36 /* SwiftyPick.app */,
				A06890DC26D5D7A900D1BC36 /* SwiftyPickTests.xctest */,
				A06890E726D5D7A900D1BC36 /* SwiftyPickUITests.xctest */,
			);
			name = Products;
			sourceTree = "<group>";
		};
		A06890C826D5D7A700D1BC36 /* SwiftyPick */ = {
			isa = PBXGroup;
			children = (
				A0FAAEB126D6D1F000B4F1A4 /* Configuration */,
				A03CAF4726D92655008FA41A /* Presentation */,
				A07265AD26D7C8960052DE86 /* Resources */,
				A06890D726D5D7A900D1BC36 /* Info.plist */,
			);
			path = SwiftyPick;
			sourceTree = "<group>";
		};
		A06890DF26D5D7A900D1BC36 /* SwiftyPickTests */ = {
			isa = PBXGroup;
			children = (
				A074DED526D7DB8F008D4A17 /* Extension */,
				A03CAF5626D9561B008FA41A /* Presentation */,
				A074DECA26D7D47B008D4A17 /* Resources */,
				A06890E226D5D7A900D1BC36 /* Info.plist */,
				A074DED126D7D926008D4A17 /* RegionalTestsPlan.xctestplan */,
				A05FB85926DA7A72009C6A7E /* UnitTestsPlan.xctestplan */,
			);
			path = SwiftyPickTests;
			sourceTree = "<group>";
		};
		A06890EA26D5D7A900D1BC36 /* SwiftyPickUITests */ = {
			isa = PBXGroup;
			children = (
				A06890ED26D5D7A900D1BC36 /* Info.plist */,
				A06890EB26D5D7A900D1BC36 /* SwiftyPickUITests.swift */,
				A074DED226D7D9B1008D4A17 /* UITestsPlan.xctestplan */,
			);
			path = SwiftyPickUITests;
			sourceTree = "<group>";
		};
		A07265AD26D7C8960052DE86 /* Resources */ = {
			isa = PBXGroup;
			children = (
				A07265B926D7CABC0052DE86 /* Assets */,
				A074DEC526D7CF23008D4A17 /* Generated */,
				A07265B526D7CA470052DE86 /* Localizable */,
			);
			path = Resources;
			sourceTree = "<group>";
		};
		A07265B526D7CA470052DE86 /* Localizable */ = {
			isa = PBXGroup;
			children = (
				A07265B226D7C8C80052DE86 /* Base.strings */,
			);
			path = Localizable;
			sourceTree = "<group>";
		};
		A07265B926D7CABC0052DE86 /* Assets */ = {
			isa = PBXGroup;
			children = (
				A07265BA26D7CADC0052DE86 /* Color.xcassets */,
				A06890D226D5D7A900D1BC36 /* Image.xcassets */,
			);
			path = Assets;
			sourceTree = "<group>";
		};
		A074DEC526D7CF23008D4A17 /* Generated */ = {
			isa = PBXGroup;
			children = (
				A074DEC726D7CF88008D4A17 /* Assets+Generated.swift */,
				A074DEC626D7CF88008D4A17 /* Strings+Generated.swift */,
			);
			path = Generated;
			sourceTree = "<group>";
		};
		A074DECA26D7D47B008D4A17 /* Resources */ = {
			isa = PBXGroup;
			children = (
				A074DECD26D7D713008D4A17 /* ColorTests.swift */,
				A074DECB26D7D495008D4A17 /* ImageTests.swift */,
				A074DED326D7DA3D008D4A17 /* LocalizableTests.swift */,
			);
			path = Resources;
			sourceTree = "<group>";
		};
		A074DED526D7DB8F008D4A17 /* Extension */ = {
			isa = PBXGroup;
			children = (
				A074DED626D7DBA0008D4A17 /* XCTestCase+Region.swift */,
			);
			path = Extension;
			sourceTree = "<group>";
		};
		A0E0115426D9F35800505456 /* Component */ = {
			isa = PBXGroup;
			children = (
				A0E0115526D9F36F00505456 /* ColorPalettes */,
			);
			path = Component;
			sourceTree = "<group>";
		};
		A0E0115526D9F36F00505456 /* ColorPalettes */ = {
			isa = PBXGroup;
			children = (
				A0E0115626D9F39100505456 /* ColorPalettesViewTests.swift */,
				A0E0115226D9F07F00505456 /* ColorRepresentationViewTests.swift */,
			);
			path = ColorPalettes;
			sourceTree = "<group>";
		};
		A0FAAEB126D6D1F000B4F1A4 /* Configuration */ = {
			isa = PBXGroup;
			children = (
				A0FAAEB226D6D20100B4F1A4 /* Danger */,
			);
			path = Configuration;
			sourceTree = "<group>";
		};
		A0FAAEB226D6D20100B4F1A4 /* Danger */ = {
			isa = PBXGroup;
			children = (
				A044B10826D69DFE0051EDEA /* DangerEmptyFile.swift */,
			);
			path = Danger;
			sourceTree = "<group>";
		};
		E2AF1C69A2EA055E8BF6374D /* Frameworks */ = {
			isa = PBXGroup;
			children = (
				52C7A38344DB8F31337A7858 /* Pods_SwiftyPick.framework */,
				00DB34231AEDAE8F37BA1FF7 /* Pods_SwiftyPickTests.framework */,
				53FF409D3A2FF26F37E442BC /* Pods_SwiftyPickUITests.framework */,
			);
			name = Frameworks;
			sourceTree = "<group>";
		};
/* End PBXGroup section */

/* Begin PBXNativeTarget section */
		A06890C526D5D7A700D1BC36 /* SwiftyPick */ = {
			isa = PBXNativeTarget;
			buildConfigurationList = A06890F026D5D7A900D1BC36 /* Build configuration list for PBXNativeTarget "SwiftyPick" */;
			buildPhases = (
				AA15B22C94B5360620A5212A /* [CP] Check Pods Manifest.lock */,
				A07265AC26D7C7C70052DE86 /* SwiftGen */,
				A044B10326D686100051EDEA /* SwiftLint */,
				A06890C226D5D7A700D1BC36 /* Sources */,
				A06890C326D5D7A700D1BC36 /* Frameworks */,
				A06890C426D5D7A700D1BC36 /* Resources */,
			);
			buildRules = (
			);
			dependencies = (
			);
			name = SwiftyPick;
			productName = SwiftyPick;
			productReference = A06890C626D5D7A700D1BC36 /* SwiftyPick.app */;
			productType = "com.apple.product-type.application";
		};
		A06890DB26D5D7A900D1BC36 /* SwiftyPickTests */ = {
			isa = PBXNativeTarget;
			buildConfigurationList = A06890F326D5D7A900D1BC36 /* Build configuration list for PBXNativeTarget "SwiftyPickTests" */;
			buildPhases = (
				77FC76D401191A9B80398BA5 /* [CP] Check Pods Manifest.lock */,
				A06890D826D5D7A900D1BC36 /* Sources */,
				A06890D926D5D7A900D1BC36 /* Frameworks */,
				A06890DA26D5D7A900D1BC36 /* Resources */,
			);
			buildRules = (
			);
			dependencies = (
				A06890DE26D5D7A900D1BC36 /* PBXTargetDependency */,
			);
			name = SwiftyPickTests;
			productName = SwiftyPickTests;
			productReference = A06890DC26D5D7A900D1BC36 /* SwiftyPickTests.xctest */;
			productType = "com.apple.product-type.bundle.unit-test";
		};
		A06890E626D5D7A900D1BC36 /* SwiftyPickUITests */ = {
			isa = PBXNativeTarget;
			buildConfigurationList = A06890F626D5D7A900D1BC36 /* Build configuration list for PBXNativeTarget "SwiftyPickUITests" */;
			buildPhases = (
				6F263333CB38FDADDD4C3A6D /* [CP] Check Pods Manifest.lock */,
				A06890E326D5D7A900D1BC36 /* Sources */,
				A06890E426D5D7A900D1BC36 /* Frameworks */,
				A06890E526D5D7A900D1BC36 /* Resources */,
			);
			buildRules = (
			);
			dependencies = (
				A06890E926D5D7A900D1BC36 /* PBXTargetDependency */,
			);
			name = SwiftyPickUITests;
			productName = SwiftyPickUITests;
			productReference = A06890E726D5D7A900D1BC36 /* SwiftyPickUITests.xctest */;
			productType = "com.apple.product-type.bundle.ui-testing";
		};
/* End PBXNativeTarget section */

/* Begin PBXProject section */
		A06890BE26D5D7A700D1BC36 /* Project object */ = {
			isa = PBXProject;
			attributes = {
				LastSwiftUpdateCheck = 1250;
				LastUpgradeCheck = 1250;
				TargetAttributes = {
					A06890C526D5D7A700D1BC36 = {
						CreatedOnToolsVersion = 12.5.1;
					};
					A06890DB26D5D7A900D1BC36 = {
						CreatedOnToolsVersion = 12.5.1;
						TestTargetID = A06890C526D5D7A700D1BC36;
					};
					A06890E626D5D7A900D1BC36 = {
						CreatedOnToolsVersion = 12.5.1;
						TestTargetID = A06890C526D5D7A700D1BC36;
					};
				};
			};
			buildConfigurationList = A06890C126D5D7A700D1BC36 /* Build configuration list for PBXProject "SwiftyPick" */;
			compatibilityVersion = "Xcode 9.3";
			developmentRegion = en;
			hasScannedForEncodings = 0;
			knownRegions = (
				en,
				Base,
				es,
			);
			mainGroup = A06890BD26D5D7A700D1BC36;
			productRefGroup = A06890C726D5D7A700D1BC36 /* Products */;
			projectDirPath = "";
			projectRoot = "";
			targets = (
				A06890C526D5D7A700D1BC36 /* SwiftyPick */,
				A06890DB26D5D7A900D1BC36 /* SwiftyPickTests */,
				A06890E626D5D7A900D1BC36 /* SwiftyPickUITests */,
			);
		};
/* End PBXProject section */

/* Begin PBXResourcesBuildPhase section */
		A06890C426D5D7A700D1BC36 /* Resources */ = {
			isa = PBXResourcesBuildPhase;
			buildActionMask = 2147483647;
			files = (
				A07265B026D7C8C80052DE86 /* Base.strings in Resources */,
				A07265BB26D7CADC0052DE86 /* Color.xcassets in Resources */,
				A044B10026D67D350051EDEA /* GithubTemplates.md in Resources */,
				A06890D326D5D7A900D1BC36 /* Image.xcassets in Resources */,
				A06890D626D5D7A900D1BC36 /* LaunchScreen.storyboard in Resources */,
				A044B10226D67D470051EDEA /* README.md in Resources */,
				A044B10526D6868C0051EDEA /* SwiftLint.md in Resources */,
			);
			runOnlyForDeploymentPostprocessing = 0;
		};
		A06890DA26D5D7A900D1BC36 /* Resources */ = {
			isa = PBXResourcesBuildPhase;
			buildActionMask = 2147483647;
			files = (
			);
			runOnlyForDeploymentPostprocessing = 0;
		};
		A06890E526D5D7A900D1BC36 /* Resources */ = {
			isa = PBXResourcesBuildPhase;
			buildActionMask = 2147483647;
			files = (
			);
			runOnlyForDeploymentPostprocessing = 0;
		};
/* End PBXResourcesBuildPhase section */

/* Begin PBXShellScriptBuildPhase section */
		6F263333CB38FDADDD4C3A6D /* [CP] Check Pods Manifest.lock */ = {
			isa = PBXShellScriptBuildPhase;
			buildActionMask = 2147483647;
			files = (
			);
			inputFileListPaths = (
			);
			inputPaths = (
				"${PODS_PODFILE_DIR_PATH}/Podfile.lock",
				"${PODS_ROOT}/Manifest.lock",
			);
			name = "[CP] Check Pods Manifest.lock";
			outputFileListPaths = (
			);
			outputPaths = (
				"$(DERIVED_FILE_DIR)/Pods-SwiftyPickUITests-checkManifestLockResult.txt",
			);
			runOnlyForDeploymentPostprocessing = 0;
			shellPath = /bin/sh;
			shellScript = "diff \"${PODS_PODFILE_DIR_PATH}/Podfile.lock\" \"${PODS_ROOT}/Manifest.lock\" > /dev/null\nif [ $? != 0 ] ; then\n    # print error to STDERR\n    echo \"error: The sandbox is not in sync with the Podfile.lock. Run 'pod install' or update your CocoaPods installation.\" >&2\n    exit 1\nfi\n# This output is used by Xcode 'outputs' to avoid re-running this script phase.\necho \"SUCCESS\" > \"${SCRIPT_OUTPUT_FILE_0}\"\n";
			showEnvVarsInLog = 0;
		};
		77FC76D401191A9B80398BA5 /* [CP] Check Pods Manifest.lock */ = {
			isa = PBXShellScriptBuildPhase;
			buildActionMask = 2147483647;
			files = (
			);
			inputFileListPaths = (
			);
			inputPaths = (
				"${PODS_PODFILE_DIR_PATH}/Podfile.lock",
				"${PODS_ROOT}/Manifest.lock",
			);
			name = "[CP] Check Pods Manifest.lock";
			outputFileListPaths = (
			);
			outputPaths = (
				"$(DERIVED_FILE_DIR)/Pods-SwiftyPickTests-checkManifestLockResult.txt",
			);
			runOnlyForDeploymentPostprocessing = 0;
			shellPath = /bin/sh;
			shellScript = "diff \"${PODS_PODFILE_DIR_PATH}/Podfile.lock\" \"${PODS_ROOT}/Manifest.lock\" > /dev/null\nif [ $? != 0 ] ; then\n    # print error to STDERR\n    echo \"error: The sandbox is not in sync with the Podfile.lock. Run 'pod install' or update your CocoaPods installation.\" >&2\n    exit 1\nfi\n# This output is used by Xcode 'outputs' to avoid re-running this script phase.\necho \"SUCCESS\" > \"${SCRIPT_OUTPUT_FILE_0}\"\n";
			showEnvVarsInLog = 0;
		};
		A044B10326D686100051EDEA /* SwiftLint */ = {
			isa = PBXShellScriptBuildPhase;
			buildActionMask = 2147483647;
			files = (
			);
			inputFileListPaths = (
			);
			inputPaths = (
			);
			name = SwiftLint;
			outputFileListPaths = (
			);
			outputPaths = (
			);
			runOnlyForDeploymentPostprocessing = 0;
			shellPath = /bin/sh;
			shellScript = "# Run SwiftLint script\nif which swiftlint >/dev/null; then\n  swiftlint\nelse\n  echo \"warning: SwiftLint not installed, download from https://github.com/realm/SwiftLint\"\nfi\n";
		};
		A07265AC26D7C7C70052DE86 /* SwiftGen */ = {
			isa = PBXShellScriptBuildPhase;
			buildActionMask = 2147483647;
			files = (
			);
			inputFileListPaths = (
			);
			inputPaths = (
			);
			name = SwiftGen;
			outputFileListPaths = (
			);
			outputPaths = (
			);
			runOnlyForDeploymentPostprocessing = 0;
			shellPath = /bin/sh;
			shellScript = "# Run SwiftGen script\nif [[ -f \"${PODS_ROOT}/SwiftGen/bin/swiftgen\" ]]; then\n  \"${PODS_ROOT}/SwiftGen/bin/swiftgen\"\nelse\n  echo \"warning: SwiftGen is not installed. Run 'pod install --repo-update' to install it.\"\nfi\n";
		};
		AA15B22C94B5360620A5212A /* [CP] Check Pods Manifest.lock */ = {
			isa = PBXShellScriptBuildPhase;
			buildActionMask = 2147483647;
			files = (
			);
			inputFileListPaths = (
			);
			inputPaths = (
				"${PODS_PODFILE_DIR_PATH}/Podfile.lock",
				"${PODS_ROOT}/Manifest.lock",
			);
			name = "[CP] Check Pods Manifest.lock";
			outputFileListPaths = (
			);
			outputPaths = (
				"$(DERIVED_FILE_DIR)/Pods-SwiftyPick-checkManifestLockResult.txt",
			);
			runOnlyForDeploymentPostprocessing = 0;
			shellPath = /bin/sh;
			shellScript = "diff \"${PODS_PODFILE_DIR_PATH}/Podfile.lock\" \"${PODS_ROOT}/Manifest.lock\" > /dev/null\nif [ $? != 0 ] ; then\n    # print error to STDERR\n    echo \"error: The sandbox is not in sync with the Podfile.lock. Run 'pod install' or update your CocoaPods installation.\" >&2\n    exit 1\nfi\n# This output is used by Xcode 'outputs' to avoid re-running this script phase.\necho \"SUCCESS\" > \"${SCRIPT_OUTPUT_FILE_0}\"\n";
			showEnvVarsInLog = 0;
		};
/* End PBXShellScriptBuildPhase section */

/* Begin PBXSourcesBuildPhase section */
		A06890C226D5D7A700D1BC36 /* Sources */ = {
			isa = PBXSourcesBuildPhase;
			buildActionMask = 2147483647;
			files = (
				A06890CA26D5D7A700D1BC36 /* AppDelegate.swift in Sources */,
				A074DEC926D7CF88008D4A17 /* Assets+Generated.swift in Sources */,
				A03CAF4A26D9267E008FA41A /* ColorPalettesView.swift in Sources */,
				A03CAF4C26D927A6008FA41A /* ColorRepresentationView.swift in Sources */,
				A03CAF5326D9477D008FA41A /* Constants.swift in Sources */,
				A044B10926D69DFE0051EDEA /* DangerEmptyFile.swift in Sources */,
				A03CAF5526D9478E008FA41A /* Spacing.swift in Sources */,
				A074DEC826D7CF88008D4A17 /* Strings+Generated.swift in Sources */,
				A03CAF5E26D958E5008FA41A /* UIColor+Hex.swift in Sources */,
				A03CAF5C26D958CD008FA41A /* UIColor+Name.swift in Sources */,
				A03CAF5026D92C75008FA41A /* UIColor+Palette.swift in Sources */,
				A0ED2FA726DEB8B5008AB6C6 /* UIView+AddSubview.swift in Sources */,
				A0ED2FA926DEC279008AB6C6 /* UIView+Pin.swift in Sources */,
				A06890CE26D5D7A700D1BC36 /* ViewController.swift in Sources */,
			);
			runOnlyForDeploymentPostprocessing = 0;
		};
		A06890D826D5D7A900D1BC36 /* Sources */ = {
			isa = PBXSourcesBuildPhase;
			buildActionMask = 2147483647;
			files = (
				A0E0115726D9F39100505456 /* ColorPalettesViewTests.swift in Sources */,
				A0E0115326D9F07F00505456 /* ColorRepresentationViewTests.swift in Sources */,
				A074DECE26D7D713008D4A17 /* ColorTests.swift in Sources */,
				A074DECC26D7D495008D4A17 /* ImageTests.swift in Sources */,
				A074DED426D7DA3D008D4A17 /* LocalizableTests.swift in Sources */,
				A03CAF5926D95634008FA41A /* SpacingTests.swift in Sources */,
				A074DED726D7DBA0008D4A17 /* XCTestCase+Region.swift in Sources */,
			);
			runOnlyForDeploymentPostprocessing = 0;
		};
		A06890E326D5D7A900D1BC36 /* Sources */ = {
			isa = PBXSourcesBuildPhase;
			buildActionMask = 2147483647;
			files = (
				A06890EC26D5D7A900D1BC36 /* SwiftyPickUITests.swift in Sources */,
			);
			runOnlyForDeploymentPostprocessing = 0;
		};
/* End PBXSourcesBuildPhase section */

/* Begin PBXTargetDependency section */
		A06890DE26D5D7A900D1BC36 /* PBXTargetDependency */ = {
			isa = PBXTargetDependency;
			platformFilter = ios;
			target = A06890C526D5D7A700D1BC36 /* SwiftyPick */;
			targetProxy = A06890DD26D5D7A900D1BC36 /* PBXContainerItemProxy */;
		};
		A06890E926D5D7A900D1BC36 /* PBXTargetDependency */ = {
			isa = PBXTargetDependency;
			platformFilter = ios;
			target = A06890C526D5D7A700D1BC36 /* SwiftyPick */;
			targetProxy = A06890E826D5D7A900D1BC36 /* PBXContainerItemProxy */;
		};
/* End PBXTargetDependency section */

/* Begin PBXVariantGroup section */
		A06890D426D5D7A900D1BC36 /* LaunchScreen.storyboard */ = {
			isa = PBXVariantGroup;
			children = (
				A06890D526D5D7A900D1BC36 /* Base */,
				A074DECF26D7D7D5008D4A17 /* es */,
			);
			name = LaunchScreen.storyboard;
			sourceTree = "<group>";
		};
		A07265B226D7C8C80052DE86 /* Base.strings */ = {
			isa = PBXVariantGroup;
			children = (
				A07265B126D7C8C80052DE86 /* en */,
				A074DED026D7D7D5008D4A17 /* es */,
			);
			name = Base.strings;
			sourceTree = "<group>";
		};
/* End PBXVariantGroup section */

/* Begin XCBuildConfiguration section */
		A06890EE26D5D7A900D1BC36 /* Debug */ = {
			isa = XCBuildConfiguration;
			buildSettings = {
				ALWAYS_SEARCH_USER_PATHS = NO;
				CLANG_ANALYZER_LOCALIZABILITY_NONLOCALIZED = YES;
				CLANG_ANALYZER_NONNULL = YES;
				CLANG_ANALYZER_NUMBER_OBJECT_CONVERSION = YES_AGGRESSIVE;
				CLANG_CXX_LANGUAGE_STANDARD = "gnu++14";
				CLANG_CXX_LIBRARY = "libc++";
				CLANG_ENABLE_MODULES = YES;
				CLANG_ENABLE_OBJC_ARC = YES;
				CLANG_ENABLE_OBJC_WEAK = YES;
				CLANG_WARN_BLOCK_CAPTURE_AUTORELEASING = YES;
				CLANG_WARN_BOOL_CONVERSION = YES;
				CLANG_WARN_COMMA = YES;
				CLANG_WARN_CONSTANT_CONVERSION = YES;
				CLANG_WARN_DEPRECATED_OBJC_IMPLEMENTATIONS = YES;
				CLANG_WARN_DIRECT_OBJC_ISA_USAGE = YES_ERROR;
				CLANG_WARN_DOCUMENTATION_COMMENTS = YES;
				CLANG_WARN_EMPTY_BODY = YES;
				CLANG_WARN_ENUM_CONVERSION = YES;
				CLANG_WARN_INFINITE_RECURSION = YES;
				CLANG_WARN_INT_CONVERSION = YES;
				CLANG_WARN_NON_LITERAL_NULL_CONVERSION = YES;
				CLANG_WARN_OBJC_IMPLICIT_RETAIN_SELF = YES;
				CLANG_WARN_OBJC_LITERAL_CONVERSION = YES;
				CLANG_WARN_OBJC_ROOT_CLASS = YES_ERROR;
				CLANG_WARN_QUOTED_INCLUDE_IN_FRAMEWORK_HEADER = YES;
				CLANG_WARN_RANGE_LOOP_ANALYSIS = YES;
				CLANG_WARN_STRICT_PROTOTYPES = YES;
				CLANG_WARN_SUSPICIOUS_MOVE = YES;
				CLANG_WARN_UNGUARDED_AVAILABILITY = YES_AGGRESSIVE;
				CLANG_WARN_UNREACHABLE_CODE = YES;
				CLANG_WARN__DUPLICATE_METHOD_MATCH = YES;
				COPY_PHASE_STRIP = NO;
				DEBUG_INFORMATION_FORMAT = dwarf;
				ENABLE_STRICT_OBJC_MSGSEND = YES;
				ENABLE_TESTABILITY = YES;
				ENABLE_TESTING_SEARCH_PATHS = YES;
				GCC_C_LANGUAGE_STANDARD = gnu11;
				GCC_DYNAMIC_NO_PIC = NO;
				GCC_NO_COMMON_BLOCKS = YES;
				GCC_OPTIMIZATION_LEVEL = 0;
				GCC_PREPROCESSOR_DEFINITIONS = (
					"DEBUG=1",
					"$(inherited)",
				);
				GCC_WARN_64_TO_32_BIT_CONVERSION = YES;
				GCC_WARN_ABOUT_RETURN_TYPE = YES_ERROR;
				GCC_WARN_UNDECLARED_SELECTOR = YES;
				GCC_WARN_UNINITIALIZED_AUTOS = YES_AGGRESSIVE;
				GCC_WARN_UNUSED_FUNCTION = YES;
				GCC_WARN_UNUSED_VARIABLE = YES;
				IPHONEOS_DEPLOYMENT_TARGET = 14.3;
				MTL_ENABLE_DEBUG_INFO = INCLUDE_SOURCE;
				MTL_FAST_MATH = YES;
				ONLY_ACTIVE_ARCH = YES;
				SDKROOT = iphoneos;
				SWIFT_ACTIVE_COMPILATION_CONDITIONS = DEBUG;
				SWIFT_OPTIMIZATION_LEVEL = "-Onone";
			};
			name = Debug;
		};
		A06890EF26D5D7A900D1BC36 /* Release */ = {
			isa = XCBuildConfiguration;
			buildSettings = {
				ALWAYS_SEARCH_USER_PATHS = NO;
				CLANG_ANALYZER_LOCALIZABILITY_NONLOCALIZED = YES;
				CLANG_ANALYZER_NONNULL = YES;
				CLANG_ANALYZER_NUMBER_OBJECT_CONVERSION = YES_AGGRESSIVE;
				CLANG_CXX_LANGUAGE_STANDARD = "gnu++14";
				CLANG_CXX_LIBRARY = "libc++";
				CLANG_ENABLE_MODULES = YES;
				CLANG_ENABLE_OBJC_ARC = YES;
				CLANG_ENABLE_OBJC_WEAK = YES;
				CLANG_WARN_BLOCK_CAPTURE_AUTORELEASING = YES;
				CLANG_WARN_BOOL_CONVERSION = YES;
				CLANG_WARN_COMMA = YES;
				CLANG_WARN_CONSTANT_CONVERSION = YES;
				CLANG_WARN_DEPRECATED_OBJC_IMPLEMENTATIONS = YES;
				CLANG_WARN_DIRECT_OBJC_ISA_USAGE = YES_ERROR;
				CLANG_WARN_DOCUMENTATION_COMMENTS = YES;
				CLANG_WARN_EMPTY_BODY = YES;
				CLANG_WARN_ENUM_CONVERSION = YES;
				CLANG_WARN_INFINITE_RECURSION = YES;
				CLANG_WARN_INT_CONVERSION = YES;
				CLANG_WARN_NON_LITERAL_NULL_CONVERSION = YES;
				CLANG_WARN_OBJC_IMPLICIT_RETAIN_SELF = YES;
				CLANG_WARN_OBJC_LITERAL_CONVERSION = YES;
				CLANG_WARN_OBJC_ROOT_CLASS = YES_ERROR;
				CLANG_WARN_QUOTED_INCLUDE_IN_FRAMEWORK_HEADER = YES;
				CLANG_WARN_RANGE_LOOP_ANALYSIS = YES;
				CLANG_WARN_STRICT_PROTOTYPES = YES;
				CLANG_WARN_SUSPICIOUS_MOVE = YES;
				CLANG_WARN_UNGUARDED_AVAILABILITY = YES_AGGRESSIVE;
				CLANG_WARN_UNREACHABLE_CODE = YES;
				CLANG_WARN__DUPLICATE_METHOD_MATCH = YES;
				COPY_PHASE_STRIP = NO;
				DEBUG_INFORMATION_FORMAT = "dwarf-with-dsym";
				ENABLE_NS_ASSERTIONS = NO;
				ENABLE_STRICT_OBJC_MSGSEND = YES;
				ENABLE_TESTING_SEARCH_PATHS = YES;
				GCC_C_LANGUAGE_STANDARD = gnu11;
				GCC_NO_COMMON_BLOCKS = YES;
				GCC_WARN_64_TO_32_BIT_CONVERSION = YES;
				GCC_WARN_ABOUT_RETURN_TYPE = YES_ERROR;
				GCC_WARN_UNDECLARED_SELECTOR = YES;
				GCC_WARN_UNINITIALIZED_AUTOS = YES_AGGRESSIVE;
				GCC_WARN_UNUSED_FUNCTION = YES;
				GCC_WARN_UNUSED_VARIABLE = YES;
				IPHONEOS_DEPLOYMENT_TARGET = 14.3;
				MTL_ENABLE_DEBUG_INFO = NO;
				MTL_FAST_MATH = YES;
				ONLY_ACTIVE_ARCH = YES;
				SDKROOT = iphoneos;
				SWIFT_COMPILATION_MODE = wholemodule;
				SWIFT_OPTIMIZATION_LEVEL = "-O";
				VALIDATE_PRODUCT = YES;
			};
			name = Release;
		};
		A06890F126D5D7A900D1BC36 /* Debug */ = {
			isa = XCBuildConfiguration;
			baseConfigurationReference = 29D2ADB63E76226F4AAEBEEA /* Pods-SwiftyPick.debug.xcconfig */;
			buildSettings = {
				ASSETCATALOG_COMPILER_APPICON_NAME = AppIcon;
				ASSETCATALOG_COMPILER_GLOBAL_ACCENT_COLOR_NAME = AccentColor;
				CODE_SIGN_IDENTITY = "Apple Development";
				CODE_SIGN_STYLE = Automatic;
				DEVELOPMENT_TEAM = PP42Q79HUR;
				INFOPLIST_FILE = SwiftyPick/Info.plist;
				LD_RUNPATH_SEARCH_PATHS = (
					"$(inherited)",
					"@executable_path/Frameworks",
				);
				PRODUCT_BUNDLE_IDENTIFIER = mdb.SwiftyPick;
				PRODUCT_NAME = "$(TARGET_NAME)";
				PROVISIONING_PROFILE_SPECIFIER = "";
				SWIFT_VERSION = 5.0;
				TARGETED_DEVICE_FAMILY = "1,2";
			};
			name = Debug;
		};
		A06890F226D5D7A900D1BC36 /* Release */ = {
			isa = XCBuildConfiguration;
			baseConfigurationReference = 12826750BDCA3F792F8C38CD /* Pods-SwiftyPick.release.xcconfig */;
			buildSettings = {
				ASSETCATALOG_COMPILER_APPICON_NAME = AppIcon;
				ASSETCATALOG_COMPILER_GLOBAL_ACCENT_COLOR_NAME = AccentColor;
				CODE_SIGN_IDENTITY = "Apple Development";
				CODE_SIGN_STYLE = Automatic;
				DEVELOPMENT_TEAM = PP42Q79HUR;
				INFOPLIST_FILE = SwiftyPick/Info.plist;
				LD_RUNPATH_SEARCH_PATHS = (
					"$(inherited)",
					"@executable_path/Frameworks",
				);
				PRODUCT_BUNDLE_IDENTIFIER = mdb.SwiftyPick;
				PRODUCT_NAME = "$(TARGET_NAME)";
				PROVISIONING_PROFILE_SPECIFIER = "";
				SWIFT_VERSION = 5.0;
				TARGETED_DEVICE_FAMILY = "1,2";
			};
			name = Release;
		};
		A06890F426D5D7A900D1BC36 /* Debug */ = {
			isa = XCBuildConfiguration;
			baseConfigurationReference = AB469C6D35849FF1108D9258 /* Pods-SwiftyPickTests.debug.xcconfig */;
			buildSettings = {
				ALWAYS_EMBED_SWIFT_STANDARD_LIBRARIES = YES;
				BUNDLE_LOADER = "$(TEST_HOST)";
				"CODE_SIGN_IDENTITY[sdk=macosx*]" = "Apple Development";
				CODE_SIGN_STYLE = Automatic;
				DEVELOPMENT_TEAM = PP42Q79HUR;
				INFOPLIST_FILE = SwiftyPickTests/Info.plist;
				IPHONEOS_DEPLOYMENT_TARGET = 14.3;
				LD_RUNPATH_SEARCH_PATHS = (
					"$(inherited)",
					"@executable_path/Frameworks",
					"@loader_path/Frameworks",
					"$(FRAMEWORK_SEARCH_PATHS)",
				);
				PRODUCT_BUNDLE_IDENTIFIER = mdb.SwiftyPickTests;
				PRODUCT_NAME = "$(TARGET_NAME)";
				SWIFT_VERSION = 5.0;
				TARGETED_DEVICE_FAMILY = "1,2";
				TEST_HOST = "$(BUILT_PRODUCTS_DIR)/SwiftyPick.app/SwiftyPick";
			};
			name = Debug;
		};
		A06890F526D5D7A900D1BC36 /* Release */ = {
			isa = XCBuildConfiguration;
			baseConfigurationReference = D0143C8A65D78659490070EF /* Pods-SwiftyPickTests.release.xcconfig */;
			buildSettings = {
				ALWAYS_EMBED_SWIFT_STANDARD_LIBRARIES = YES;
				BUNDLE_LOADER = "$(TEST_HOST)";
				"CODE_SIGN_IDENTITY[sdk=macosx*]" = "Apple Development";
				CODE_SIGN_STYLE = Automatic;
				DEVELOPMENT_TEAM = PP42Q79HUR;
				INFOPLIST_FILE = SwiftyPickTests/Info.plist;
				IPHONEOS_DEPLOYMENT_TARGET = 14.3;
				LD_RUNPATH_SEARCH_PATHS = (
					"$(inherited)",
					"@executable_path/Frameworks",
					"@loader_path/Frameworks",
					"$(FRAMEWORK_SEARCH_PATHS)",
				);
				PRODUCT_BUNDLE_IDENTIFIER = mdb.SwiftyPickTests;
				PRODUCT_NAME = "$(TARGET_NAME)";
				SWIFT_VERSION = 5.0;
				TARGETED_DEVICE_FAMILY = "1,2";
				TEST_HOST = "$(BUILT_PRODUCTS_DIR)/SwiftyPick.app/SwiftyPick";
			};
			name = Release;
		};
		A06890F726D5D7A900D1BC36 /* Debug */ = {
			isa = XCBuildConfiguration;
			baseConfigurationReference = 1AE8EAD7A97F6385CC866F06 /* Pods-SwiftyPickUITests.debug.xcconfig */;
			buildSettings = {
				ALWAYS_EMBED_SWIFT_STANDARD_LIBRARIES = YES;
				"CODE_SIGN_IDENTITY[sdk=macosx*]" = "Apple Development";
				CODE_SIGN_STYLE = Automatic;
				DEVELOPMENT_TEAM = PP42Q79HUR;
				INFOPLIST_FILE = SwiftyPickUITests/Info.plist;
				LD_RUNPATH_SEARCH_PATHS = (
					"$(inherited)",
					"@executable_path/Frameworks",
					"@loader_path/Frameworks",
					"$(FRAMEWORK_SEARCH_PATHS)",
				);
				PRODUCT_BUNDLE_IDENTIFIER = mdb.SwiftyPickUITests;
				PRODUCT_NAME = "$(TARGET_NAME)";
				SWIFT_VERSION = 5.0;
				TARGETED_DEVICE_FAMILY = "1,2";
				TEST_TARGET_NAME = SwiftyPick;
			};
			name = Debug;
		};
		A06890F826D5D7A900D1BC36 /* Release */ = {
			isa = XCBuildConfiguration;
			baseConfigurationReference = 7A4FBB82C0EB35893BA03AC6 /* Pods-SwiftyPickUITests.release.xcconfig */;
			buildSettings = {
				ALWAYS_EMBED_SWIFT_STANDARD_LIBRARIES = YES;
				"CODE_SIGN_IDENTITY[sdk=macosx*]" = "Apple Development";
				CODE_SIGN_STYLE = Automatic;
				DEVELOPMENT_TEAM = PP42Q79HUR;
				INFOPLIST_FILE = SwiftyPickUITests/Info.plist;
				LD_RUNPATH_SEARCH_PATHS = (
					"$(inherited)",
					"@executable_path/Frameworks",
					"@loader_path/Frameworks",
					"$(FRAMEWORK_SEARCH_PATHS)",
				);
				PRODUCT_BUNDLE_IDENTIFIER = mdb.SwiftyPickUITests;
				PRODUCT_NAME = "$(TARGET_NAME)";
				SWIFT_VERSION = 5.0;
				TARGETED_DEVICE_FAMILY = "1,2";
				TEST_TARGET_NAME = SwiftyPick;
			};
			name = Release;
		};
/* End XCBuildConfiguration section */

/* Begin XCConfigurationList section */
		A06890C126D5D7A700D1BC36 /* Build configuration list for PBXProject "SwiftyPick" */ = {
			isa = XCConfigurationList;
			buildConfigurations = (
				A06890EE26D5D7A900D1BC36 /* Debug */,
				A06890EF26D5D7A900D1BC36 /* Release */,
			);
			defaultConfigurationIsVisible = 0;
			defaultConfigurationName = Release;
		};
		A06890F026D5D7A900D1BC36 /* Build configuration list for PBXNativeTarget "SwiftyPick" */ = {
			isa = XCConfigurationList;
			buildConfigurations = (
				A06890F126D5D7A900D1BC36 /* Debug */,
				A06890F226D5D7A900D1BC36 /* Release */,
			);
			defaultConfigurationIsVisible = 0;
			defaultConfigurationName = Release;
		};
		A06890F326D5D7A900D1BC36 /* Build configuration list for PBXNativeTarget "SwiftyPickTests" */ = {
			isa = XCConfigurationList;
			buildConfigurations = (
				A06890F426D5D7A900D1BC36 /* Debug */,
				A06890F526D5D7A900D1BC36 /* Release */,
			);
			defaultConfigurationIsVisible = 0;
			defaultConfigurationName = Release;
		};
		A06890F626D5D7A900D1BC36 /* Build configuration list for PBXNativeTarget "SwiftyPickUITests" */ = {
			isa = XCConfigurationList;
			buildConfigurations = (
				A06890F726D5D7A900D1BC36 /* Debug */,
				A06890F826D5D7A900D1BC36 /* Release */,
			);
			defaultConfigurationIsVisible = 0;
			defaultConfigurationName = Release;
		};
/* End XCConfigurationList section */
	};
	rootObject = A06890BE26D5D7A700D1BC36 /* Project object */;
}
